
Microsoft Visual Studio Solution File, Format Version 12.00
# Visual Studio 15
VisualStudioVersion = 15.0.27004.2008
MinimumVisualStudioVersion = 10.0.40219.1
Project("{F184B08F-C81C-45F6-A57F-5ABD9991F28F}") = "ARIAKA.SMARTGOURMET.Win", "ARIAKA.SMARTGOURMET.Win\ARIAKA.SMARTGOURMET.Win.vbproj", "{6B17949E-5610-4588-A29C-EC458880E246}"
EndProject
Project("{F184B08F-C81C-45F6-A57F-5ABD9991F28F}") = "ARIAKA.SMARTGOURMET.Data", "ARIAKA.SMARTGOURMET.Data\ARIAKA.SMARTGOURMET.Data.vbproj", "{2F55D9EF-0882-4AD9-A9C7-C0889028AAC1}"
EndProject
Global
	GlobalSection(SolutionConfigurationPlatforms) = preSolution
		Debug|Any CPU = Debug|Any CPU
		Release|Any CPU = Release|Any CPU
	EndGlobalSection
	GlobalSection(ProjectConfigurationPlatforms) = postSolution
		{6B17949E-5610-4588-A29C-EC458880E246}.Debug|Any CPU.ActiveCfg = Debug|Any CPU
		{6B17949E-5610-4588-A29C-EC458880E246}.Debug|Any CPU.Build.0 = Debug|Any CPU
		{6B17949E-5610-4588-A29C-EC458880E246}.Release|Any CPU.ActiveCfg = Release|Any CPU
		{6B17949E-5610-4588-A29C-EC458880E246}.Release|Any CPU.Build.0 = Release|Any CPU
		{2F55D9EF-0882-4AD9-A9C7-C0889028AAC1}.Debug|Any CPU.ActiveCfg = Debug|Any CPU
		{2F55D9EF-0882-4AD9-A9C7-C0889028AAC1}.Debug|Any CPU.Build.0 = Debug|Any CPU
		{2F55D9EF-0882-4AD9-A9C7-C0889028AAC1}.Release|Any CPU.ActiveCfg = Release|Any CPU
		{2F55D9EF-0882-4AD9-A9C7-C0889028AAC1}.Release|Any CPU.Build.0 = Release|Any CPU
	EndGlobalSection
	GlobalSection(SolutionProperties) = preSolution
		HideSolutionNode = FALSE
	EndGlobalSection
	GlobalSection(ExtensibilityGlobals) = postSolution
		SolutionGuid = {DABD1065-7491-4B9E-BD32-F4C2AD9F7732}
	EndGlobalSection
EndGlobal
